
Microsoft Visual Studio Solution File, Format Version 12.00
# Visual Studio Version 17
VisualStudioVersion = 17.13.35825.156 d17.13
MinimumVisualStudioVersion = 10.0.40219.1
Project("{FAE04EC0-301F-11D3-BF4B-00C04F79EFBC}") = "TallerPráctico_Csharp", "TallerPráctico_Csharp\TallerPráctico_Csharp.csproj", "{2331AE15-6CA6-4F03-98FE-F9BA033AB057}"
EndProject
Global
	GlobalSection(SolutionConfigurationPlatforms) = preSolution
		Debug|Any CPU = Debug|Any CPU
		Release|Any CPU = Release|Any CPU
	EndGlobalSection
	GlobalSection(ProjectConfigurationPlatforms) = postSolution
		{2331AE15-6CA6-4F03-98FE-F9BA033AB057}.Debug|Any CPU.ActiveCfg = Debug|Any CPU
		{2331AE15-6CA6-4F03-98FE-F9BA033AB057}.Debug|Any CPU.Build.0 = Debug|Any CPU
		{2331AE15-6CA6-4F03-98FE-F9BA033AB057}.Release|Any CPU.ActiveCfg = Release|Any CPU
		{2331AE15-6CA6-4F03-98FE-F9BA033AB057}.Release|Any CPU.Build.0 = Release|Any CPU
	EndGlobalSection
	GlobalSection(SolutionProperties) = preSolution
		HideSolutionNode = FALSE
	EndGlobalSection
	GlobalSection(ExtensibilityGlobals) = postSolution
		SolutionGuid = {417A7670-DC88-467B-BE44-0C482C2256A6}
	EndGlobalSection
EndGlobal
